// !$*UTF8*$!
{
	archiveVersion = 1;
	classes = {
	};
	objectVersion = 51;
	objects = {

/* Begin PBXBuildFile section */
		32C466722417FB1100C3488E /* AppDelegate.swift in Sources */ = {isa = PBXBuildFile; fileRef = 32C466712417FB1100C3488E /* AppDelegate.swift */; };
		32C466762417FB1100C3488E /* HumanListTableViewController.swift in Sources */ = {isa = PBXBuildFile; fileRef = 32C466752417FB1100C3488E /* HumanListTableViewController.swift */; };
		32C4667B2417FB1200C3488E /* Assets.xcassets in Resources */ = {isa = PBXBuildFile; fileRef = 32C4667A2417FB1200C3488E /* Assets.xcassets */; };
		32C4667E2417FB1200C3488E /* LaunchScreen.storyboard in Resources */ = {isa = PBXBuildFile; fileRef = 32C4667C2417FB1200C3488E /* LaunchScreen.storyboard */; };
		32C466862418374500C3488E /* HumanListViewModel.swift in Sources */ = {isa = PBXBuildFile; fileRef = 32C466852418374500C3488E /* HumanListViewModel.swift */; };
		32C46688241838B200C3488E /* HumanTableViewCell.swift in Sources */ = {isa = PBXBuildFile; fileRef = 32C46687241838B200C3488E /* HumanTableViewCell.swift */; };
		32C4668A241838FD00C3488E /* Human.swift in Sources */ = {isa = PBXBuildFile; fileRef = 32C46689241838FD00C3488E /* Human.swift */; };
		9C31DF6D907BFB723C9BDE0D /* Pods_SkeletonTableView.framework in Frameworks */ = {isa = PBXBuildFile; fileRef = 490D5C85408D6E8C03460D3B /* Pods_SkeletonTableView.framework */; };
/* End PBXBuildFile section */

/* Begin PBXFileReference section */
		323A5D7BEFD6729D030A5870 /* Pods-SkeletonTableView.release.xcconfig */ = {isa = PBXFileReference; includeInIndex = 1; lastKnownFileType = text.xcconfig; name = "Pods-SkeletonTableView.release.xcconfig"; path = "Target Support Files/Pods-SkeletonTableView/Pods-SkeletonTableView.release.xcconfig"; sourceTree = "<group>"; };
		32C4666E2417FB1100C3488E /* SkeletonTableView.app */ = {isa = PBXFileReference; explicitFileType = wrapper.application; includeInIndex = 0; path = SkeletonTableView.app; sourceTree = BUILT_PRODUCTS_DIR; };
		32C466712417FB1100C3488E /* AppDelegate.swift */ = {isa = PBXFileReference; lastKnownFileType = sourcecode.swift; path = AppDelegate.swift; sourceTree = "<group>"; };
		32C466752417FB1100C3488E /* HumanListTableViewController.swift */ = {isa = PBXFileReference; lastKnownFileType = sourcecode.swift; path = HumanListTableViewController.swift; sourceTree = "<group>"; };
		32C4667A2417FB1200C3488E /* Assets.xcassets */ = {isa = PBXFileReference; lastKnownFileType = folder.assetcatalog; path = Assets.xcassets; sourceTree = "<group>"; };
		32C4667D2417FB1200C3488E /* Base */ = {isa = PBXFileReference; lastKnownFileType = file.storyboard; name = Base; path = Base.lproj/LaunchScreen.storyboard; sourceTree = "<group>"; };
		32C4667F2417FB1200C3488E /* Info.plist */ = {isa = PBXFileReference; lastKnownFileType = text.plist.xml; path = Info.plist; sourceTree = "<group>"; };
		32C466852418374500C3488E /* HumanListViewModel.swift */ = {isa = PBXFileReference; lastKnownFileType = sourcecode.swift; path = HumanListViewModel.swift; sourceTree = "<group>"; };
		32C46687241838B200C3488E /* HumanTableViewCell.swift */ = {isa = PBXFileReference; lastKnownFileType = sourcecode.swift; path = HumanTableViewCell.swift; sourceTree = "<group>"; };
		32C46689241838FD00C3488E /* Human.swift */ = {isa = PBXFileReference; lastKnownFileType = sourcecode.swift; path = Human.swift; sourceTree = "<group>"; };
		490D5C85408D6E8C03460D3B /* Pods_SkeletonTableView.framework */ = {isa = PBXFileReference; explicitFileType = wrapper.framework; includeInIndex = 0; path = Pods_SkeletonTableView.framework; sourceTree = BUILT_PRODUCTS_DIR; };
		93EED325469B7E25BB0B66A0 /* Pods-SkeletonTableView.debug.xcconfig */ = {isa = PBXFileReference; includeInIndex = 1; lastKnownFileType = text.xcconfig; name = "Pods-SkeletonTableView.debug.xcconfig"; path = "Target Support Files/Pods-SkeletonTableView/Pods-SkeletonTableView.debug.xcconfig"; sourceTree = "<group>"; };
/* End PBXFileReference section */

/* Begin PBXFrameworksBuildPhase section */
		32C4666B2417FB1100C3488E /* Frameworks */ = {
			isa = PBXFrameworksBuildPhase;
			buildActionMask = 2147483647;
			files = (
				9C31DF6D907BFB723C9BDE0D /* Pods_SkeletonTableView.framework in Frameworks */,
			);
			runOnlyForDeploymentPostprocessing = 0;
		};
/* End PBXFrameworksBuildPhase section */

/* Begin PBXGroup section */
		31012116FC081B63BBEAF7EC /* Pods */ = {
			isa = PBXGroup;
			children = (
				93EED325469B7E25BB0B66A0 /* Pods-SkeletonTableView.debug.xcconfig */,
				323A5D7BEFD6729D030A5870 /* Pods-SkeletonTableView.release.xcconfig */,
			);
			path = Pods;
			sourceTree = "<group>";
		};
		32C466652417FB1100C3488E = {
			isa = PBXGroup;
			children = (
				32C466702417FB1100C3488E /* SkeletonTableView */,
				32C4666F2417FB1100C3488E /* Products */,
				31012116FC081B63BBEAF7EC /* Pods */,
				394203819936334755B64E24 /* Frameworks */,
			);
			sourceTree = "<group>";
		};
		32C4666F2417FB1100C3488E /* Products */ = {
			isa = PBXGroup;
			children = (
				32C4666E2417FB1100C3488E /* SkeletonTableView.app */,
			);
			name = Products;
			sourceTree = "<group>";
		};
		32C466702417FB1100C3488E /* SkeletonTableView */ = {
			isa = PBXGroup;
			children = (
				32C466712417FB1100C3488E /* AppDelegate.swift */,
				32C466752417FB1100C3488E /* HumanListTableViewController.swift */,
				32C4667A2417FB1200C3488E /* Assets.xcassets */,
				32C4667C2417FB1200C3488E /* LaunchScreen.storyboard */,
				32C4667F2417FB1200C3488E /* Info.plist */,
				32C466852418374500C3488E /* HumanListViewModel.swift */,
				32C46687241838B200C3488E /* HumanTableViewCell.swift */,
				32C46689241838FD00C3488E /* Human.swift */,
			);
			path = SkeletonTableView;
			sourceTree = "<group>";
		};
		394203819936334755B64E24 /* Frameworks */ = {
			isa = PBXGroup;
			children = (
				490D5C85408D6E8C03460D3B /* Pods_SkeletonTableView.framework */,
			);
			name = Frameworks;
			sourceTree = "<group>";
		};
/* End PBXGroup section */

/* Begin PBXNativeTarget section */
		32C4666D2417FB1100C3488E /* SkeletonTableView */ = {
			isa = PBXNativeTarget;
			buildConfigurationList = 32C466822417FB1200C3488E /* Build configuration list for PBXNativeTarget "SkeletonTableView" */;
			buildPhases = (
				CBD0F304E286D875A6DDEB4E /* [CP] Check Pods Manifest.lock */,
				32C4666A2417FB1100C3488E /* Sources */,
				32C4666B2417FB1100C3488E /* Frameworks */,
				32C4666C2417FB1100C3488E /* Resources */,
				FD05B2EE3BCB1FB3587F53DC /* [CP] Embed Pods Frameworks */,
			);
			buildRules = (
			);
			dependencies = (
			);
			name = SkeletonTableView;
			productName = SkeletonTableView;
			productReference = 32C4666E2417FB1100C3488E /* SkeletonTableView.app */;
			productType = "com.apple.product-type.application";
		};
/* End PBXNativeTarget section */

/* Begin PBXProject section */
		32C466662417FB1100C3488E /* Project object */ = {
			isa = PBXProject;
			attributes = {
				LastSwiftUpdateCheck = 1130;
				LastUpgradeCheck = 1130;
				ORGANIZATIONNAME = "Jake Robinson-Lieberman";
				TargetAttributes = {
					32C4666D2417FB1100C3488E = {
						CreatedOnToolsVersion = 11.3.1;
					};
				};
			};
			buildConfigurationList = 32C466692417FB1100C3488E /* Build configuration list for PBXProject "SkeletonTableView" */;
			compatibilityVersion = "Xcode 9.3";
			developmentRegion = en;
			hasScannedForEncodings = 0;
			knownRegions = (
				en,
				Base,
			);
			mainGroup = 32C466652417FB1100C3488E;
			productRefGroup = 32C4666F2417FB1100C3488E /* Products */;
			projectDirPath = "";
			projectRoot = "";
			targets = (
				32C4666D2417FB1100C3488E /* SkeletonTableView */,
			);
		};
/* End PBXProject section */

/* Begin PBXResourcesBuildPhase section */
		32C4666C2417FB1100C3488E /* Resources */ = {
			isa = PBXResourcesBuildPhase;
			buildActionMask = 2147483647;
			files = (
				32C4667E2417FB1200C3488E /* LaunchScreen.storyboard in Resources */,
				32C4667B2417FB1200C3488E /* Assets.xcassets in Resources */,
			);
			runOnlyForDeploymentPostprocessing = 0;
		};
/* End PBXResourcesBuildPhase section */

/* Begin PBXShellScriptBuildPhase section */
		CBD0F304E286D875A6DDEB4E /* [CP] Check Pods Manifest.lock */ = {
			isa = PBXShellScriptBuildPhase;
			buildActionMask = 2147483647;
			files = (
			);
			inputFileListPaths = (
			);
			inputPaths = (
				"${PODS_PODFILE_DIR_PATH}/Podfile.lock",
				"${PODS_ROOT}/Manifest.lock",
			);
			name = "[CP] Check Pods Manifest.lock";
			outputFileListPaths = (
			);
			outputPaths = (
				"$(DERIVED_FILE_DIR)/Pods-SkeletonTableView-checkManifestLockResult.txt",
			);
			runOnlyForDeploymentPostprocessing = 0;
			shellPath = /bin/sh;
			shellScript = "diff \"${PODS_PODFILE_DIR_PATH}/Podfile.lock\" \"${PODS_ROOT}/Manifest.lock\" > /dev/null\nif [ $? != 0 ] ; then\n    # print error to STDERR\n    echo \"error: The sandbox is not in sync with the Podfile.lock. Run 'pod install' or update your CocoaPods installation.\" >&2\n    exit 1\nfi\n# This output is used by Xcode 'outputs' to avoid re-running this script phase.\necho \"SUCCESS\" > \"${SCRIPT_OUTPUT_FILE_0}\"\n";
			showEnvVarsInLog = 0;
		};
		FD05B2EE3BCB1FB3587F53DC /* [CP] Embed Pods Frameworks */ = {
			isa = PBXShellScriptBuildPhase;
			buildActionMask = 2147483647;
			files = (
			);
			inputFileListPaths = (
				"${PODS_ROOT}/Target Support Files/Pods-SkeletonTableView/Pods-SkeletonTableView-frameworks-${CONFIGURATION}-input-files.xcfilelist",
			);
			name = "[CP] Embed Pods Frameworks";
			outputFileListPaths = (
				"${PODS_ROOT}/Target Support Files/Pods-SkeletonTableView/Pods-SkeletonTableView-frameworks-${CONFIGURATION}-output-files.xcfilelist",
			);
			runOnlyForDeploymentPostprocessing = 0;
			shellPath = /bin/sh;
			shellScript = "\"${PODS_ROOT}/Target Support Files/Pods-SkeletonTableView/Pods-SkeletonTableView-frameworks.sh\"\n";
			showEnvVarsInLog = 0;
		};
/* End PBXShellScriptBuildPhase section */

/* Begin PBXSourcesBuildPhase section */
		32C4666A2417FB1100C3488E /* Sources */ = {
			isa = PBXSourcesBuildPhase;
			buildActionMask = 2147483647;
			files = (
				32C466762417FB1100C3488E /* HumanListTableViewController.swift in Sources */,
				32C466722417FB1100C3488E /* AppDelegate.swift in Sources */,
				32C4668A241838FD00C3488E /* Human.swift in Sources */,
				32C466862418374500C3488E /* HumanListViewModel.swift in Sources */,
				32C46688241838B200C3488E /* HumanTableViewCell.swift in Sources */,
			);
			runOnlyForDeploymentPostprocessing = 0;
		};
/* End PBXSourcesBuildPhase section */

/* Begin PBXVariantGroup section */
		32C4667C2417FB1200C3488E /* LaunchScreen.storyboard */ = {
			isa = PBXVariantGroup;
			children = (
				32C4667D2417FB1200C3488E /* Base */,
			);
			name = LaunchScreen.storyboard;
			sourceTree = "<group>";
		};
/* End PBXVariantGroup section */

/* Begin XCBuildConfiguration section */
		32C466802417FB1200C3488E /* Debug */ = {
			isa = XCBuildConfiguration;
			buildSettings = {
				ALWAYS_SEARCH_USER_PATHS = NO;
				CLANG_ANALYZER_NONNULL = YES;
				CLANG_ANALYZER_NUMBER_OBJECT_CONVERSION = YES_AGGRESSIVE;
				CLANG_CXX_LANGUAGE_STANDARD = "gnu++14";
				CLANG_CXX_LIBRARY = "libc++";
				CLANG_ENABLE_MODULES = YES;
				CLANG_ENABLE_OBJC_ARC = YES;
				CLANG_ENABLE_OBJC_WEAK = YES;
				CLANG_WARN_BLOCK_CAPTURE_AUTORELEASING = YES;
				CLANG_WARN_BOOL_CONVERSION = YES;
				CLANG_WARN_COMMA = YES;
				CLANG_WARN_CONSTANT_CONVERSION = YES;
				CLANG_WARN_DEPRECATED_OBJC_IMPLEMENTATIONS = YES;
				CLANG_WARN_DIRECT_OBJC_ISA_USAGE = YES_ERROR;
				CLANG_WARN_DOCUMENTATION_COMMENTS = YES;
				CLANG_WARN_EMPTY_BODY = YES;
				CLANG_WARN_ENUM_CONVERSION = YES;
				CLANG_WARN_INFINITE_RECURSION = YES;
				CLANG_WARN_INT_CONVERSION = YES;
				CLANG_WARN_NON_LITERAL_NULL_CONVERSION = YES;
				CLANG_WARN_OBJC_IMPLICIT_RETAIN_SELF = YES;
				CLANG_WARN_OBJC_LITERAL_CONVERSION = YES;
				CLANG_WARN_OBJC_ROOT_CLASS = YES_ERROR;
				CLANG_WARN_RANGE_LOOP_ANALYSIS = YES;
				CLANG_WARN_STRICT_PROTOTYPES = YES;
				CLANG_WARN_SUSPICIOUS_MOVE = YES;
				CLANG_WARN_UNGUARDED_AVAILABILITY = YES_AGGRESSIVE;
				CLANG_WARN_UNREACHABLE_CODE = YES;
				CLANG_WARN__DUPLICATE_METHOD_MATCH = YES;
				COPY_PHASE_STRIP = NO;
				DEBUG_INFORMATION_FORMAT = dwarf;
				ENABLE_STRICT_OBJC_MSGSEND = YES;
				ENABLE_TESTABILITY = YES;
				GCC_C_LANGUAGE_STANDARD = gnu11;
				GCC_DYNAMIC_NO_PIC = NO;
				GCC_NO_COMMON_BLOCKS = YES;
				GCC_OPTIMIZATION_LEVEL = 0;
				GCC_PREPROCESSOR_DEFINITIONS = (
					"DEBUG=1",
					"$(inherited)",
				);
				GCC_WARN_64_TO_32_BIT_CONVERSION = YES;
				GCC_WARN_ABOUT_RETURN_TYPE = YES_ERROR;
				GCC_WARN_UNDECLARED_SELECTOR = YES;
				GCC_WARN_UNINITIALIZED_AUTOS = YES_AGGRESSIVE;
				GCC_WARN_UNUSED_FUNCTION = YES;
				GCC_WARN_UNUSED_VARIABLE = YES;
				IPHONEOS_DEPLOYMENT_TARGET = 13.2;
				MTL_ENABLE_DEBUG_INFO = INCLUDE_SOURCE;
				MTL_FAST_MATH = YES;
				ONLY_ACTIVE_ARCH = YES;
				SDKROOT = iphoneos;
				SWIFT_ACTIVE_COMPILATION_CONDITIONS = DEBUG;
				SWIFT_OPTIMIZATION_LEVEL = "-Onone";
			};
			name = Debug;
		};
		32C466812417FB1200C3488E /* Release */ = {
			isa = XCBuildConfiguration;
			buildSettings = {
				ALWAYS_SEARCH_USER_PATHS = NO;
				CLANG_ANALYZER_NONNULL = YES;
				CLANG_ANALYZER_NUMBER_OBJECT_CONVERSION = YES_AGGRESSIVE;
				CLANG_CXX_LANGUAGE_STANDARD = "gnu++14";
				CLANG_CXX_LIBRARY = "libc++";
				CLANG_ENABLE_MODULES = YES;
				CLANG_ENABLE_OBJC_ARC = YES;
				CLANG_ENABLE_OBJC_WEAK = YES;
				CLANG_WARN_BLOCK_CAPTURE_AUTORELEASING = YES;
				CLANG_WARN_BOOL_CONVERSION = YES;
				CLANG_WARN_COMMA = YES;
				CLANG_WARN_CONSTANT_CONVERSION = YES;
				CLANG_WARN_DEPRECATED_OBJC_IMPLEMENTATIONS = YES;
				CLANG_WARN_DIRECT_OBJC_ISA_USAGE = YES_ERROR;
				CLANG_WARN_DOCUMENTATION_COMMENTS = YES;
				CLANG_WARN_EMPTY_BODY = YES;
				CLANG_WARN_ENUM_CONVERSION = YES;
				CLANG_WARN_INFINITE_RECURSION = YES;
				CLANG_WARN_INT_CONVERSION = YES;
				CLANG_WARN_NON_LITERAL_NULL_CONVERSION = YES;
				CLANG_WARN_OBJC_IMPLICIT_RETAIN_SELF = YES;
				CLANG_WARN_OBJC_LITERAL_CONVERSION = YES;
				CLANG_WARN_OBJC_ROOT_CLASS = YES_ERROR;
				CLANG_WARN_RANGE_LOOP_ANALYSIS = YES;
				CLANG_WARN_STRICT_PROTOTYPES = YES;
				CLANG_WARN_SUSPICIOUS_MOVE = YES;
				CLANG_WARN_UNGUARDED_AVAILABILITY = YES_AGGRESSIVE;
				CLANG_WARN_UNREACHABLE_CODE = YES;
				CLANG_WARN__DUPLICATE_METHOD_MATCH = YES;
				COPY_PHASE_STRIP = NO;
				DEBUG_INFORMATION_FORMAT = "dwarf-with-dsym";
				ENABLE_NS_ASSERTIONS = NO;
				ENABLE_STRICT_OBJC_MSGSEND = YES;
				GCC_C_LANGUAGE_STANDARD = gnu11;
				GCC_NO_COMMON_BLOCKS = YES;
				GCC_WARN_64_TO_32_BIT_CONVERSION = YES;
				GCC_WARN_ABOUT_RETURN_TYPE = YES_ERROR;
				GCC_WARN_UNDECLARED_SELECTOR = YES;
				GCC_WARN_UNINITIALIZED_AUTOS = YES_AGGRESSIVE;
				GCC_WARN_UNUSED_FUNCTION = YES;
				GCC_WARN_UNUSED_VARIABLE = YES;
				IPHONEOS_DEPLOYMENT_TARGET = 13.2;
				MTL_ENABLE_DEBUG_INFO = NO;
				MTL_FAST_MATH = YES;
				SDKROOT = iphoneos;
				SWIFT_COMPILATION_MODE = wholemodule;
				SWIFT_OPTIMIZATION_LEVEL = "-O";
				VALIDATE_PRODUCT = YES;
			};
			name = Release;
		};
		32C466832417FB1200C3488E /* Debug */ = {
			isa = XCBuildConfiguration;
			baseConfigurationReference = 93EED325469B7E25BB0B66A0 /* Pods-SkeletonTableView.debug.xcconfig */;
			buildSettings = {
				ASSETCATALOG_COMPILER_APPICON_NAME = AppIcon;
				CODE_SIGN_STYLE = Automatic;
				INFOPLIST_FILE = SkeletonTableView/Info.plist;
				LD_RUNPATH_SEARCH_PATHS = (
					"$(inherited)",
					"@executable_path/Frameworks",
				);
				PRODUCT_BUNDLE_IDENTIFIER = com.relativity.SkeletonTableView;
				PRODUCT_NAME = "$(TARGET_NAME)";
				SWIFT_VERSION = 5.0;
				TARGETED_DEVICE_FAMILY = "1,2";
			};
			name = Debug;
		};
		32C466842417FB1200C3488E /* Release */ = {
			isa = XCBuildConfiguration;
			baseConfigurationReference = 323A5D7BEFD6729D030A5870 /* Pods-SkeletonTableView.release.xcconfig */;
			buildSettings = {
				ASSETCATALOG_COMPILER_APPICON_NAME = AppIcon;
				CODE_SIGN_STYLE = Automatic;
				INFOPLIST_FILE = SkeletonTableView/Info.plist;
				LD_RUNPATH_SEARCH_PATHS = (
					"$(inherited)",
					"@executable_path/Frameworks",
				);
				PRODUCT_BUNDLE_IDENTIFIER = com.relativity.SkeletonTableView;
				PRODUCT_NAME = "$(TARGET_NAME)";
				SWIFT_VERSION = 5.0;
				TARGETED_DEVICE_FAMILY = "1,2";
			};
			name = Release;
		};
/* End XCBuildConfiguration section */

/* Begin XCConfigurationList section */
		32C466692417FB1100C3488E /* Build configuration list for PBXProject "SkeletonTableView" */ = {
			isa = XCConfigurationList;
			buildConfigurations = (
				32C466802417FB1200C3488E /* Debug */,
				32C466812417FB1200C3488E /* Release */,
			);
			defaultConfigurationIsVisible = 0;
			defaultConfigurationName = Release;
		};
		32C466822417FB1200C3488E /* Build configuration list for PBXNativeTarget "SkeletonTableView" */ = {
			isa = XCConfigurationList;
			buildConfigurations = (
				32C466832417FB1200C3488E /* Debug */,
				32C466842417FB1200C3488E /* Release */,
			);
			defaultConfigurationIsVisible = 0;
			defaultConfigurationName = Release;
		};
/* End XCConfigurationList section */
	};
	rootObject = 32C466662417FB1100C3488E /* Project object */;
}
